
Microsoft Visual Studio Solution File, Format Version 12.00
# Visual Studio Version 16
VisualStudioVersion = 16.0.32428.217
MinimumVisualStudioVersion = 10.0.40219.1
Project("{FAE04EC0-301F-11D3-BF4B-00C04F79EFBC}") = "Cotação do dólar", "Cotação do dólar\Cotação do dólar.csproj", "{B4FCE4A8-1CF7-4510-9AD9-B9B537981328}"
EndProject
Global
	GlobalSection(SolutionConfigurationPlatforms) = preSolution
		Debug|Any CPU = Debug|Any CPU
		Release|Any CPU = Release|Any CPU
	EndGlobalSection
	GlobalSection(ProjectConfigurationPlatforms) = postSolution
		{B4FCE4A8-1CF7-4510-9AD9-B9B537981328}.Debug|Any CPU.ActiveCfg = Debug|Any CPU
		{B4FCE4A8-1CF7-4510-9AD9-B9B537981328}.Debug|Any CPU.Build.0 = Debug|Any CPU
		{B4FCE4A8-1CF7-4510-9AD9-B9B537981328}.Release|Any CPU.ActiveCfg = Release|Any CPU
		{B4FCE4A8-1CF7-4510-9AD9-B9B537981328}.Release|Any CPU.Build.0 = Release|Any CPU
	EndGlobalSection
	GlobalSection(SolutionProperties) = preSolution
		HideSolutionNode = FALSE
	EndGlobalSection
	GlobalSection(ExtensibilityGlobals) = postSolution
		SolutionGuid = {591F2013-77AD-4784-A850-FC7C9CD9CC8D}
	EndGlobalSection
EndGlobal
